<?xml version="1.0" encoding="utf-8"?>
<Project ToolsVersion="4.0" xmlns="http://schemas.microsoft.com/developer/msbuild/2003">
  <ItemGroup>
    <Filter Include="Mock Generation Tests">
      <UniqueIdentifier>{bd41bcb9-932d-4821-9c5e-b11e6b6cbae9}</UniqueIdentifier>
    </Filter>
    <Filter Include="Mock Generation Mocks">
      <UniqueIdentifier>{71a0a1a7-5a23-4baa-acbe-b4fbbee9e70c}</UniqueIdentifier>
    </Filter>
    <Filter Include="Mock Generation Tests\Config">
      <UniqueIdentifier>{6099d1d0-a51f-4f1e-92d7-1cc32267625d}</UniqueIdentifier>
    </Filter>
    <Filter Include="Mock Generation Mocks\Config">
      <UniqueIdentifier>{54854fc8-9f44-4006-aac2-fa4d47c67077}</UniqueIdentifier>
    </Filter>
  </ItemGroup>
  <ItemGroup>
    <ClCompile Include="filemockertests.cpp">
      <Filter>Mock Generation Tests</Filter>
    </ClCompile>
    <ClCompile Include="classmockertests.cpp">
      <Filter>Mock Generation Tests</Filter>
    </ClCompile>
    <ClCompile Include="$(MSBuildThisFileDirectory)..\..\lib\native\src\gtest\gtest-all.cc" />
    <ClCompile Include="$(MSBuildThisFileDirectory)..\..\lib\native\src\gmock\gmock-all.cc" />
    <ClCompile Include="commandlineconfigtests.cpp">
      <Filter>Mock Generation Tests\Config</Filter>
    </ClCompile>
    <ClCompile Include="functionmockertests.cpp">
      <Filter>Mock Generation Tests</Filter>
    </ClCompile>
  </ItemGroup>
  <ItemGroup>
    <ClInclude Include="mockfilemocker.h">
      <Filter>Mock Generation Mocks</Filter>
    </ClInclude>
    <ClInclude Include="mockclassmocker.h">
      <Filter>Mock Generation Mocks</Filter>
    </ClInclude>
    <ClInclude Include="mockfunctionmocker.h">
      <Filter>Mock Generation Mocks</Filter>
    </ClInclude>
    <ClInclude Include="mockcommandlineconfig.h">
      <Filter>Mock Generation Mocks\Config</Filter>
    </ClInclude>
  </ItemGroup>
  <ItemGroup>
    <None Include="packages.config" />
  </ItemGroup>
</Project>