<?xml version="1.0" encoding="utf-8"?>
<Project ToolsVersion="4.0" xmlns="http://schemas.microsoft.com/developer/msbuild/2003">
  <ItemGroup>
    <ClCompile Include="functionmocker.cpp">
      <Filter>Mock Generation</Filter>
    </ClCompile>
    <ClCompile Include="filemocker.cpp">
      <Filter>Mock Generation</Filter>
    </ClCompile>
    <ClCompile Include="classmocker.cpp">
      <Filter>Mock Generation</Filter>
    </ClCompile>
  </ItemGroup>
  <ItemGroup>
    <ClInclude Include="functionmocker.h">
      <Filter>Mock Generation</Filter>
    </ClInclude>
    <ClInclude Include="ifunctionmocker.h">
      <Filter>Mock Generation</Filter>
    </ClInclude>
    <ClInclude Include="ifilemocker.h">
      <Filter>Mock Generation</Filter>
    </ClInclude>
    <ClInclude Include="iclassmocker.h">
      <Filter>Mock Generation</Filter>
    </ClInclude>
    <ClInclude Include="filemocker.h">
      <Filter>Mock Generation</Filter>
    </ClInclude>
    <ClInclude Include="classmocker.h">
      <Filter>Mock Generation</Filter>
    </ClInclude>
    <ClInclude Include="mockerexception.h">
      <Filter>Mock Generation</Filter>
    </ClInclude>
  </ItemGroup>
  <ItemGroup>
    <Filter Include="Mock Generation">
      <UniqueIdentifier>{c5158d01-495a-463d-b242-05028ad0171c}</UniqueIdentifier>
    </Filter>
  </ItemGroup>
</Project>